
Microsoft Visual Studio Solution File, Format Version 12.00
# Visual Studio 2013
VisualStudioVersion = 12.0.31101.0
MinimumVisualStudioVersion = 10.0.40219.1
Project("{FAE04EC0-301F-11D3-BF4B-00C04F79EFBC}") = "Whizz Hard Books", "Whizz Hard Books\Whizz Hard Books.csproj", "{FF0A2C61-5D90-486D-BC3D-A4A0C04E4B98}"
EndProject
Global
	GlobalSection(SolutionConfigurationPlatforms) = preSolution
		Debug|Any CPU = Debug|Any CPU
		Release|Any CPU = Release|Any CPU
	EndGlobalSection
	GlobalSection(ProjectConfigurationPlatforms) = postSolution
		{FF0A2C61-5D90-486D-BC3D-A4A0C04E4B98}.Debug|Any CPU.ActiveCfg = Debug|Any CPU
		{FF0A2C61-5D90-486D-BC3D-A4A0C04E4B98}.Debug|Any CPU.Build.0 = Debug|Any CPU
		{FF0A2C61-5D90-486D-BC3D-A4A0C04E4B98}.Release|Any CPU.ActiveCfg = Release|Any CPU
		{FF0A2C61-5D90-486D-BC3D-A4A0C04E4B98}.Release|Any CPU.Build.0 = Release|Any CPU
	EndGlobalSection
	GlobalSection(SolutionProperties) = preSolution
		HideSolutionNode = FALSE
	EndGlobalSection
EndGlobal
